# THIS IS AN AUTOGENERATED FILE. DO NOT EDIT THIS FILE DIRECTLY.
# yarn lockfile v1


base64-js@0.0.2:
  version "0.0.2"
  resolved "https://registry.yarnpkg.com/base64-js/-/base64-js-0.0.2.tgz#024f0f72afa25b75f9c0ee73cd4f55ec1bed9784"

bops@0.0.6:
  version "0.0.6"
  resolved "https://registry.yarnpkg.com/bops/-/bops-0.0.6.tgz#082d1d55fa01e60dbdc2ebc2dba37f659554cf3a"
  dependencies:
    base64-js "0.0.2"
    to-utf8 "0.0.1"

concat-stream@~1.0.0:
  version "1.0.1"
  resolved "https://registry.yarnpkg.com/concat-stream/-/concat-stream-1.0.1.tgz#018b18bc1c7d073a2dc82aa48442341a2c4dd79f"
  dependencies:
    bops "0.0.6"

duplexer@~0.0.3:
  version "0.0.4"
  resolved "https://registry.yarnpkg.com/duplexer/-/duplexer-0.0.4.tgz#afcb7f1f8b8d74f820726171d5d64ac9e4a8ff20"

ffmetadata@^1.4.0:
  version "1.4.0"
  resolved "https://registry.yarnpkg.com/ffmetadata/-/ffmetadata-1.4.0.tgz#6a002876dcf0b653a78a31dca936de5ed8763c56"
  dependencies:
    concat-stream "~1.0.0"
    split "~0.2.6"
    stream-combiner "0.0.2"
    stream-filter "1"
    through "~2.3.4"

split@~0.2.6:
  version "0.2.10"
  resolved "https://registry.yarnpkg.com/split/-/split-0.2.10.tgz#67097c601d697ce1368f418f06cd201cf0521a57"
  dependencies:
    through "2"

stream-combiner@0.0.2:
  version "0.0.2"
  resolved "https://registry.yarnpkg.com/stream-combiner/-/stream-combiner-0.0.2.tgz#dfe0e74675742565e76c6056788ea5c23bd97db4"
  dependencies:
    duplexer "~0.0.3"

stream-filter@1:
  version "1.0.0"
  resolved "https://registry.yarnpkg.com/stream-filter/-/stream-filter-1.0.0.tgz#3f0a4c6d5981011e9862a32afdb0df16a4b67ede"
  dependencies:
    through "~2"

through@2, through@~2, through@~2.3.4:
  version "2.3.8"
  resolved "https://registry.yarnpkg.com/through/-/through-2.3.8.tgz#0dd4c9ffaabc357960b1b724115d7e0e86a2e1f5"

to-utf8@0.0.1:
  version "0.0.1"
  resolved "https://registry.yarnpkg.com/to-utf8/-/to-utf8-0.0.1.tgz#d17aea72ff2fba39b9e43601be7b3ff72e089852"
